// !$*UTF8*$!
{
	archiveVersion = 1;
	classes = {
	};
	objectVersion = 77;
	objects = {

/* Begin PBXBuildFile section */
		0C93DE4B2FEBC7C800B2FAF0 /* libsqlite3.tbd in Frameworks */ = {isa = PBXBuildFile; fileRef = 0C93DE4A2FEBC7C800B2FAF0 /* libsqlite3.tbd */; };
		22B67C34EFD50CEBAFE0002A /* Pods_FeaturedPosts.framework in Frameworks */ = {isa = PBXBuildFile; fileRef = 0E5DB0F247B2F81322BBAA64 /* Pods_FeaturedPosts.framework */; };
		2B8D43A754F5C9BCAD624D16 /* Pods_FeaturedPosts_FeaturedPostsUITests.framework in Frameworks */ = {isa = PBXBuildFile; fileRef = C71EFD3B64CE5EB4CDEFE27B /* Pods_FeaturedPosts_FeaturedPostsUITests.framework */; };
		B6A4A5093CCAB6F79E4078E6 /* Pods_FeaturedPostsTests.framework in Frameworks */ = {isa = PBXBuildFile; fileRef = A38C0DB224FD859B1A7847C8 /* Pods_FeaturedPostsTests.framework */; };
/* End PBXBuildFile section */

/* Begin PBXContainerItemProxy section */
		0C93DDE92FEBBB9900B2FAF0 /* PBXContainerItemProxy */ = {
			isa = PBXContainerItemProxy;
			containerPortal = 0C93DDCA2FEBBB9500B2FAF0 /* Project object */;
			proxyType = 1;
			remoteGlobalIDString = 0C93DDD12FEBBB9500B2FAF0;
			remoteInfo = FeaturedPosts;
		};
		0C93DDF32FEBBB9900B2FAF0 /* PBXContainerItemProxy */ = {
			isa = PBXContainerItemProxy;
			containerPortal = 0C93DDCA2FEBBB9500B2FAF0 /* Project object */;
			proxyType = 1;
			remoteGlobalIDString = 0C93DDD12FEBBB9500B2FAF0;
			remoteInfo = FeaturedPosts;
		};
/* End PBXContainerItemProxy section */

/* Begin PBXFileReference section */
		0C93DDD22FEBBB9500B2FAF0 /* FeaturedPosts.app */ = {isa = PBXFileReference; explicitFileType = wrapper.application; includeInIndex = 0; path = FeaturedPosts.app; sourceTree = BUILT_PRODUCTS_DIR; };
		0C93DDE82FEBBB9900B2FAF0 /* FeaturedPostsTests.xctest */ = {isa = PBXFileReference; explicitFileType = wrapper.cfbundle; includeInIndex = 0; path = FeaturedPostsTests.xctest; sourceTree = BUILT_PRODUCTS_DIR; };
		0C93DDF22FEBBB9900B2FAF0 /* FeaturedPostsUITests.xctest */ = {isa = PBXFileReference; explicitFileType = wrapper.cfbundle; includeInIndex = 0; path = FeaturedPostsUITests.xctest; sourceTree = BUILT_PRODUCTS_DIR; };
		0C93DE4A2FEBC7C800B2FAF0 /* libsqlite3.tbd */ = {isa = PBXFileReference; lastKnownFileType = "sourcecode.text-based-dylib-definition"; name = libsqlite3.tbd; path = usr/lib/libsqlite3.tbd; sourceTree = SDKROOT; };
		0E5DB0F247B2F81322BBAA64 /* Pods_FeaturedPosts.framework */ = {isa = PBXFileReference; explicitFileType = wrapper.framework; includeInIndex = 0; path = Pods_FeaturedPosts.framework; sourceTree = BUILT_PRODUCTS_DIR; };
		2CC11AF14147AB1B638F98BC /* Pods-FeaturedPosts.debug.xcconfig */ = {isa = PBXFileReference; includeInIndex = 1; lastKnownFileType = text.xcconfig; name = "Pods-FeaturedPosts.debug.xcconfig"; path = "Target Support Files/Pods-FeaturedPosts/Pods-FeaturedPosts.debug.xcconfig"; sourceTree = "<group>"; };
		3B784E74E3A8F183FA684F1F /* Pods-FeaturedPosts-FeaturedPostsUITests.release.xcconfig */ = {isa = PBXFileReference; includeInIndex = 1; lastKnownFileType = text.xcconfig; name = "Pods-FeaturedPosts-FeaturedPostsUITests.release.xcconfig"; path = "Target Support Files/Pods-FeaturedPosts-FeaturedPostsUITests/Pods-FeaturedPosts-FeaturedPostsUITests.release.xcconfig"; sourceTree = "<group>"; };
		504FCA393933AE1C69931534 /* Pods-FeaturedPosts-FeaturedPostsUITests.debug.xcconfig */ = {isa = PBXFileReference; includeInIndex = 1; lastKnownFileType = text.xcconfig; name = "Pods-FeaturedPosts-FeaturedPostsUITests.debug.xcconfig"; path = "Target Support Files/Pods-FeaturedPosts-FeaturedPostsUITests/Pods-FeaturedPosts-FeaturedPostsUITests.debug.xcconfig"; sourceTree = "<group>"; };
		A38C0DB224FD859B1A7847C8 /* Pods_FeaturedPostsTests.framework */ = {isa = PBXFileReference; explicitFileType = wrapper.framework; includeInIndex = 0; path = Pods_FeaturedPostsTests.framework; sourceTree = BUILT_PRODUCTS_DIR; };
		C0808F76A12449FF53FCC2F3 /* Pods-FeaturedPostsTests.debug.xcconfig */ = {isa = PBXFileReference; includeInIndex = 1; lastKnownFileType = text.xcconfig; name = "Pods-FeaturedPostsTests.debug.xcconfig"; path = "Target Support Files/Pods-FeaturedPostsTests/Pods-FeaturedPostsTests.debug.xcconfig"; sourceTree = "<group>"; };
		C71EFD3B64CE5EB4CDEFE27B /* Pods_FeaturedPosts_FeaturedPostsUITests.framework */ = {isa = PBXFileReference; explicitFileType = wrapper.framework; includeInIndex = 0; path = Pods_FeaturedPosts_FeaturedPostsUITests.framework; sourceTree = BUILT_PRODUCTS_DIR; };
		D0C1D60C9E2CA82109A4C051 /* Pods-FeaturedPosts.release.xcconfig */ = {isa = PBXFileReference; includeInIndex = 1; lastKnownFileType = text.xcconfig; name = "Pods-FeaturedPosts.release.xcconfig"; path = "Target Support Files/Pods-FeaturedPosts/Pods-FeaturedPosts.release.xcconfig"; sourceTree = "<group>"; };
		D464DD3EF83096B4D5B8112E /* Pods-FeaturedPostsTests.release.xcconfig */ = {isa = PBXFileReference; includeInIndex = 1; lastKnownFileType = text.xcconfig; name = "Pods-FeaturedPostsTests.release.xcconfig"; path = "Target Support Files/Pods-FeaturedPostsTests/Pods-FeaturedPostsTests.release.xcconfig"; sourceTree = "<group>"; };
/* End PBXFileReference section */

/* Begin PBXFileSystemSynchronizedBuildFileExceptionSet section */
		0C93DDFA2FEBBB9900B2FAF0 /* Exceptions for "FeaturedPosts" folder in "FeaturedPosts" target */ = {
			isa = PBXFileSystemSynchronizedBuildFileExceptionSet;
			membershipExceptions = (
				Info.plist,
			);
			target = 0C93DDD12FEBBB9500B2FAF0 /* FeaturedPosts */;
		};
/* End PBXFileSystemSynchronizedBuildFileExceptionSet section */

/* Begin PBXFileSystemSynchronizedRootGroup section */
		0C93DDD42FEBBB9500B2FAF0 /* FeaturedPosts */ = {
			isa = PBXFileSystemSynchronizedRootGroup;
			exceptions = (
				0C93DDFA2FEBBB9900B2FAF0 /* Exceptions for "FeaturedPosts" folder in "FeaturedPosts" target */,
			);
			path = FeaturedPosts;
			sourceTree = "<group>";
		};
		0C93DDEB2FEBBB9900B2FAF0 /* FeaturedPostsTests */ = {
			isa = PBXFileSystemSynchronizedRootGroup;
			path = FeaturedPostsTests;
			sourceTree = "<group>";
		};
		0C93DDF52FEBBB9900B2FAF0 /* FeaturedPostsUITests */ = {
			isa = PBXFileSystemSynchronizedRootGroup;
			path = FeaturedPostsUITests;
			sourceTree = "<group>";
		};
/* End PBXFileSystemSynchronizedRootGroup section */

/* Begin PBXFrameworksBuildPhase section */
		0C93DDCF2FEBBB9500B2FAF0 /* Frameworks */ = {
			isa = PBXFrameworksBuildPhase;
			buildActionMask = 2147483647;
			files = (
				0C93DE4B2FEBC7C800B2FAF0 /* libsqlite3.tbd in Frameworks */,
				22B67C34EFD50CEBAFE0002A /* Pods_FeaturedPosts.framework in Frameworks */,
			);
			runOnlyForDeploymentPostprocessing = 0;
		};
		0C93DDE52FEBBB9900B2FAF0 /* Frameworks */ = {
			isa = PBXFrameworksBuildPhase;
			buildActionMask = 2147483647;
			files = (
				B6A4A5093CCAB6F79E4078E6 /* Pods_FeaturedPostsTests.framework in Frameworks */,
			);
			runOnlyForDeploymentPostprocessing = 0;
		};
		0C93DDEF2FEBBB9900B2FAF0 /* Frameworks */ = {
			isa = PBXFrameworksBuildPhase;
			buildActionMask = 2147483647;
			files = (
				2B8D43A754F5C9BCAD624D16 /* Pods_FeaturedPosts_FeaturedPostsUITests.framework in Frameworks */,
			);
			runOnlyForDeploymentPostprocessing = 0;
		};
/* End PBXFrameworksBuildPhase section */

/* Begin PBXGroup section */
		0AD139F31116D67FAF17F87B /* Frameworks */ = {
			isa = PBXGroup;
			children = (
				0C93DE4A2FEBC7C800B2FAF0 /* libsqlite3.tbd */,
				0E5DB0F247B2F81322BBAA64 /* Pods_FeaturedPosts.framework */,
				C71EFD3B64CE5EB4CDEFE27B /* Pods_FeaturedPosts_FeaturedPostsUITests.framework */,
				A38C0DB224FD859B1A7847C8 /* Pods_FeaturedPostsTests.framework */,
			);
			name = Frameworks;
			sourceTree = "<group>";
		};
		0C93DDC92FEBBB9500B2FAF0 = {
			isa = PBXGroup;
			children = (
				0C93DDD42FEBBB9500B2FAF0 /* FeaturedPosts */,
				0C93DDEB2FEBBB9900B2FAF0 /* FeaturedPostsTests */,
				0C93DDF52FEBBB9900B2FAF0 /* FeaturedPostsUITests */,
				0C93DDD32FEBBB9500B2FAF0 /* Products */,
				2C164D9D22FD9E0A4B801587 /* Pods */,
				0AD139F31116D67FAF17F87B /* Frameworks */,
			);
			sourceTree = "<group>";
		};
		0C93DDD32FEBBB9500B2FAF0 /* Products */ = {
			isa = PBXGroup;
			children = (
				0C93DDD22FEBBB9500B2FAF0 /* FeaturedPosts.app */,
				0C93DDE82FEBBB9900B2FAF0 /* FeaturedPostsTests.xctest */,
				0C93DDF22FEBBB9900B2FAF0 /* FeaturedPostsUITests.xctest */,
			);
			name = Products;
			sourceTree = "<group>";
		};
		2C164D9D22FD9E0A4B801587 /* Pods */ = {
			isa = PBXGroup;
			children = (
				2CC11AF14147AB1B638F98BC /* Pods-FeaturedPosts.debug.xcconfig */,
				D0C1D60C9E2CA82109A4C051 /* Pods-FeaturedPosts.release.xcconfig */,
				504FCA393933AE1C69931534 /* Pods-FeaturedPosts-FeaturedPostsUITests.debug.xcconfig */,
				3B784E74E3A8F183FA684F1F /* Pods-FeaturedPosts-FeaturedPostsUITests.release.xcconfig */,
				C0808F76A12449FF53FCC2F3 /* Pods-FeaturedPostsTests.debug.xcconfig */,
				D464DD3EF83096B4D5B8112E /* Pods-FeaturedPostsTests.release.xcconfig */,
			);
			path = Pods;
			sourceTree = "<group>";
		};
/* End PBXGroup section */

/* Begin PBXNativeTarget section */
		0C93DDD12FEBBB9500B2FAF0 /* FeaturedPosts */ = {
			isa = PBXNativeTarget;
			buildConfigurationList = 0C93DDFB2FEBBB9900B2FAF0 /* Build configuration list for PBXNativeTarget "FeaturedPosts" */;
			buildPhases = (
				2D0D1AA64603FECFE76FD2F9 /* [CP] Check Pods Manifest.lock */,
				0C93DDCE2FEBBB9500B2FAF0 /* Sources */,
				0C93DDCF2FEBBB9500B2FAF0 /* Frameworks */,
				0C93DDD02FEBBB9500B2FAF0 /* Resources */,
				0C93DE4C2FEBC7F000B2FAF0 /* ShellScript */,
			);
			buildRules = (
			);
			dependencies = (
			);
			fileSystemSynchronizedGroups = (
				0C93DDD42FEBBB9500B2FAF0 /* FeaturedPosts */,
			);
			name = FeaturedPosts;
			productName = FeaturedPosts;
			productReference = 0C93DDD22FEBBB9500B2FAF0 /* FeaturedPosts.app */;
			productType = "com.apple.product-type.application";
		};
		0C93DDE72FEBBB9900B2FAF0 /* FeaturedPostsTests */ = {
			isa = PBXNativeTarget;
			buildConfigurationList = 0C93DE002FEBBB9900B2FAF0 /* Build configuration list for PBXNativeTarget "FeaturedPostsTests" */;
			buildPhases = (
				FC13667E9336C2850E475009 /* [CP] Check Pods Manifest.lock */,
				0C93DDE42FEBBB9900B2FAF0 /* Sources */,
				0C93DDE52FEBBB9900B2FAF0 /* Frameworks */,
				0C93DDE62FEBBB9900B2FAF0 /* Resources */,
			);
			buildRules = (
			);
			dependencies = (
				0C93DDEA2FEBBB9900B2FAF0 /* PBXTargetDependency */,
			);
			fileSystemSynchronizedGroups = (
				0C93DDEB2FEBBB9900B2FAF0 /* FeaturedPostsTests */,
			);
			name = FeaturedPostsTests;
			productName = FeaturedPostsTests;
			productReference = 0C93DDE82FEBBB9900B2FAF0 /* FeaturedPostsTests.xctest */;
			productType = "com.apple.product-type.bundle.unit-test";
		};
		0C93DDF12FEBBB9900B2FAF0 /* FeaturedPostsUITests */ = {
			isa = PBXNativeTarget;
			buildConfigurationList = 0C93DE032FEBBB9900B2FAF0 /* Build configuration list for PBXNativeTarget "FeaturedPostsUITests" */;
			buildPhases = (
				302C9EFD44CAF9BA98AC0A8E /* [CP] Check Pods Manifest.lock */,
				0C93DDEE2FEBBB9900B2FAF0 /* Sources */,
				0C93DDEF2FEBBB9900B2FAF0 /* Frameworks */,
				0C93DDF02FEBBB9900B2FAF0 /* Resources */,
			);
			buildRules = (
			);
			dependencies = (
				0C93DDF42FEBBB9900B2FAF0 /* PBXTargetDependency */,
			);
			fileSystemSynchronizedGroups = (
				0C93DDF52FEBBB9900B2FAF0 /* FeaturedPostsUITests */,
			);
			name = FeaturedPostsUITests;
			productName = FeaturedPostsUITests;
			productReference = 0C93DDF22FEBBB9900B2FAF0 /* FeaturedPostsUITests.xctest */;
			productType = "com.apple.product-type.bundle.ui-testing";
		};
/* End PBXNativeTarget section */

/* Begin PBXProject section */
		0C93DDCA2FEBBB9500B2FAF0 /* Project object */ = {
			isa = PBXProject;
			attributes = {
				BuildIndependentTargetsInParallel = 1;
				LastSwiftUpdateCheck = 1620;
				LastUpgradeCheck = 1620;
				TargetAttributes = {
					0C93DDD12FEBBB9500B2FAF0 = {
						CreatedOnToolsVersion = 16.2;
					};
					0C93DDE72FEBBB9900B2FAF0 = {
						CreatedOnToolsVersion = 16.2;
						TestTargetID = 0C93DDD12FEBBB9500B2FAF0;
					};
					0C93DDF12FEBBB9900B2FAF0 = {
						CreatedOnToolsVersion = 16.2;
						TestTargetID = 0C93DDD12FEBBB9500B2FAF0;
					};
				};
			};
			buildConfigurationList = 0C93DDCD2FEBBB9500B2FAF0 /* Build configuration list for PBXProject "FeaturedPosts" */;
			developmentRegion = en;
			hasScannedForEncodings = 0;
			knownRegions = (
				en,
				Base,
			);
			mainGroup = 0C93DDC92FEBBB9500B2FAF0;
			minimizedProjectReferenceProxies = 1;
			preferredProjectObjectVersion = 77;
			productRefGroup = 0C93DDD32FEBBB9500B2FAF0 /* Products */;
			projectDirPath = "";
			projectRoot = "";
			targets = (
				0C93DDD12FEBBB9500B2FAF0 /* FeaturedPosts */,
				0C93DDE72FEBBB9900B2FAF0 /* FeaturedPostsTests */,
				0C93DDF12FEBBB9900B2FAF0 /* FeaturedPostsUITests */,
			);
		};
/* End PBXProject section */

/* Begin PBXResourcesBuildPhase section */
		0C93DDD02FEBBB9500B2FAF0 /* Resources */ = {
			isa = PBXResourcesBuildPhase;
			buildActionMask = 2147483647;
			files = (
			);
			runOnlyForDeploymentPostprocessing = 0;
		};
		0C93DDE62FEBBB9900B2FAF0 /* Resources */ = {
			isa = PBXResourcesBuildPhase;
			buildActionMask = 2147483647;
			files = (
			);
			runOnlyForDeploymentPostprocessing = 0;
		};
		0C93DDF02FEBBB9900B2FAF0 /* Resources */ = {
			isa = PBXResourcesBuildPhase;
			buildActionMask = 2147483647;
			files = (
			);
			runOnlyForDeploymentPostprocessing = 0;
		};
/* End PBXResourcesBuildPhase section */

/* Begin PBXShellScriptBuildPhase section */
		0C93DE4C2FEBC7F000B2FAF0 /* ShellScript */ = {
			isa = PBXShellScriptBuildPhase;
			buildActionMask = 2147483647;
			files = (
			);
			inputFileListPaths = (
			);
			inputPaths = (
				"${PODS_ROOT}/SwiftLint/swiftlint",
				"$(SRCROOT)/.swiftlint.yml",
			);
			outputFileListPaths = (
			);
			outputPaths = (
			);
			runOnlyForDeploymentPostprocessing = 0;
			shellPath = /bin/sh;
			shellScript = "# Type a script or drag a script file from your workspace to insert its path.\n";
		};
		2D0D1AA64603FECFE76FD2F9 /* [CP] Check Pods Manifest.lock */ = {
			isa = PBXShellScriptBuildPhase;
			buildActionMask = 2147483647;
			files = (
			);
			inputFileListPaths = (
			);
			inputPaths = (
				"${PODS_PODFILE_DIR_PATH}/Podfile.lock",
				"${PODS_ROOT}/Manifest.lock",
			);
			name = "[CP] Check Pods Manifest.lock";
			outputFileListPaths = (
			);
			outputPaths = (
				"$(DERIVED_FILE_DIR)/Pods-FeaturedPosts-checkManifestLockResult.txt",
			);
			runOnlyForDeploymentPostprocessing = 0;
			shellPath = /bin/sh;
			shellScript = "diff \"${PODS_PODFILE_DIR_PATH}/Podfile.lock\" \"${PODS_ROOT}/Manifest.lock\" > /dev/null\nif [ $? != 0 ] ; then\n    # print error to STDERR\n    echo \"error: The sandbox is not in sync with the Podfile.lock. Run 'pod install' or update your CocoaPods installation.\" >&2\n    exit 1\nfi\n# This output is used by Xcode 'outputs' to avoid re-running this script phase.\necho \"SUCCESS\" > \"${SCRIPT_OUTPUT_FILE_0}\"\n";
			showEnvVarsInLog = 0;
		};
		302C9EFD44CAF9BA98AC0A8E /* [CP] Check Pods Manifest.lock */ = {
			isa = PBXShellScriptBuildPhase;
			buildActionMask = 2147483647;
			files = (
			);
			inputFileListPaths = (
			);
			inputPaths = (
				"${PODS_PODFILE_DIR_PATH}/Podfile.lock",
				"${PODS_ROOT}/Manifest.lock",
			);
			name = "[CP] Check Pods Manifest.lock";
			outputFileListPaths = (
			);
			outputPaths = (
				"$(DERIVED_FILE_DIR)/Pods-FeaturedPosts-FeaturedPostsUITests-checkManifestLockResult.txt",
			);
			runOnlyForDeploymentPostprocessing = 0;
			shellPath = /bin/sh;
			shellScript = "diff \"${PODS_PODFILE_DIR_PATH}/Podfile.lock\" \"${PODS_ROOT}/Manifest.lock\" > /dev/null\nif [ $? != 0 ] ; then\n    # print error to STDERR\n    echo \"error: The sandbox is not in sync with the Podfile.lock. Run 'pod install' or update your CocoaPods installation.\" >&2\n    exit 1\nfi\n# This output is used by Xcode 'outputs' to avoid re-running this script phase.\necho \"SUCCESS\" > \"${SCRIPT_OUTPUT_FILE_0}\"\n";
			showEnvVarsInLog = 0;
		};
		FC13667E9336C2850E475009 /* [CP] Check Pods Manifest.lock */ = {
			isa = PBXShellScriptBuildPhase;
			buildActionMask = 2147483647;
			files = (
			);
			inputFileListPaths = (
			);
			inputPaths = (
				"${PODS_PODFILE_DIR_PATH}/Podfile.lock",
				"${PODS_ROOT}/Manifest.lock",
			);
			name = "[CP] Check Pods Manifest.lock";
			outputFileListPaths = (
			);
			outputPaths = (
				"$(DERIVED_FILE_DIR)/Pods-FeaturedPostsTests-checkManifestLockResult.txt",
			);
			runOnlyForDeploymentPostprocessing = 0;
			shellPath = /bin/sh;
			shellScript = "diff \"${PODS_PODFILE_DIR_PATH}/Podfile.lock\" \"${PODS_ROOT}/Manifest.lock\" > /dev/null\nif [ $? != 0 ] ; then\n    # print error to STDERR\n    echo \"error: The sandbox is not in sync with the Podfile.lock. Run 'pod install' or update your CocoaPods installation.\" >&2\n    exit 1\nfi\n# This output is used by Xcode 'outputs' to avoid re-running this script phase.\necho \"SUCCESS\" > \"${SCRIPT_OUTPUT_FILE_0}\"\n";
			showEnvVarsInLog = 0;
		};
/* End PBXShellScriptBuildPhase section */

/* Begin PBXSourcesBuildPhase section */
		0C93DDCE2FEBBB9500B2FAF0 /* Sources */ = {
			isa = PBXSourcesBuildPhase;
			buildActionMask = 2147483647;
			files = (
			);
			runOnlyForDeploymentPostprocessing = 0;
		};
		0C93DDE42FEBBB9900B2FAF0 /* Sources */ = {
			isa = PBXSourcesBuildPhase;
			buildActionMask = 2147483647;
			files = (
			);
			runOnlyForDeploymentPostprocessing = 0;
		};
		0C93DDEE2FEBBB9900B2FAF0 /* Sources */ = {
			isa = PBXSourcesBuildPhase;
			buildActionMask = 2147483647;
			files = (
			);
			runOnlyForDeploymentPostprocessing = 0;
		};
/* End PBXSourcesBuildPhase section */

/* Begin PBXTargetDependency section */
		0C93DDEA2FEBBB9900B2FAF0 /* PBXTargetDependency */ = {
			isa = PBXTargetDependency;
			target = 0C93DDD12FEBBB9500B2FAF0 /* FeaturedPosts */;
			targetProxy = 0C93DDE92FEBBB9900B2FAF0 /* PBXContainerItemProxy */;
		};
		0C93DDF42FEBBB9900B2FAF0 /* PBXTargetDependency */ = {
			isa = PBXTargetDependency;
			target = 0C93DDD12FEBBB9500B2FAF0 /* FeaturedPosts */;
			targetProxy = 0C93DDF32FEBBB9900B2FAF0 /* PBXContainerItemProxy */;
		};
/* End PBXTargetDependency section */

/* Begin XCBuildConfiguration section */
		0C93DDFC2FEBBB9900B2FAF0 /* Debug */ = {
			isa = XCBuildConfiguration;
			baseConfigurationReference = 2CC11AF14147AB1B638F98BC /* Pods-FeaturedPosts.debug.xcconfig */;
			buildSettings = {
				ASSETCATALOG_COMPILER_APPICON_NAME = AppIcon;
				ASSETCATALOG_COMPILER_GLOBAL_ACCENT_COLOR_NAME = AccentColor;
				CODE_SIGN_STYLE = Automatic;
				CURRENT_PROJECT_VERSION = 1;
				GENERATE_INFOPLIST_FILE = YES;
				INFOPLIST_FILE = FeaturedPosts/Info.plist;
				INFOPLIST_KEY_UIApplicationSupportsIndirectInputEvents = YES;
				INFOPLIST_KEY_UILaunchStoryboardName = LaunchScreen;
				INFOPLIST_KEY_UIMainStoryboardFile = Main;
				INFOPLIST_KEY_UISupportedInterfaceOrientations_iPad = "UIInterfaceOrientationPortrait UIInterfaceOrientationPortraitUpsideDown UIInterfaceOrientationLandscapeLeft UIInterfaceOrientationLandscapeRight";
				INFOPLIST_KEY_UISupportedInterfaceOrientations_iPhone = "UIInterfaceOrientationPortrait UIInterfaceOrientationLandscapeLeft UIInterfaceOrientationLandscapeRight";
				LD_RUNPATH_SEARCH_PATHS = (
					"$(inherited)",
					"@executable_path/Frameworks",
				);
				MARKETING_VERSION = 1.0;
				PRODUCT_BUNDLE_IDENTIFIER = com.maocf.FeaturedPosts;
				PRODUCT_NAME = "$(TARGET_NAME)";
				SWIFT_EMIT_LOC_STRINGS = YES;
				SWIFT_VERSION = 5.0;
				TARGETED_DEVICE_FAMILY = "1,2";
			};
			name = Debug;
		};
		0C93DDFD2FEBBB9900B2FAF0 /* Release */ = {
			isa = XCBuildConfiguration;
			baseConfigurationReference = D0C1D60C9E2CA82109A4C051 /* Pods-FeaturedPosts.release.xcconfig */;
			buildSettings = {
				ASSETCATALOG_COMPILER_APPICON_NAME = AppIcon;
				ASSETCATALOG_COMPILER_GLOBAL_ACCENT_COLOR_NAME = AccentColor;
				CODE_SIGN_STYLE = Automatic;
				CURRENT_PROJECT_VERSION = 1;
				GENERATE_INFOPLIST_FILE = YES;
				INFOPLIST_FILE = FeaturedPosts/Info.plist;
				INFOPLIST_KEY_UIApplicationSupportsIndirectInputEvents = YES;
				INFOPLIST_KEY_UILaunchStoryboardName = LaunchScreen;
				INFOPLIST_KEY_UIMainStoryboardFile = Main;
				INFOPLIST_KEY_UISupportedInterfaceOrientations_iPad = "UIInterfaceOrientationPortrait UIInterfaceOrientationPortraitUpsideDown UIInterfaceOrientationLandscapeLeft UIInterfaceOrientationLandscapeRight";
				INFOPLIST_KEY_UISupportedInterfaceOrientations_iPhone = "UIInterfaceOrientationPortrait UIInterfaceOrientationLandscapeLeft UIInterfaceOrientationLandscapeRight";
				LD_RUNPATH_SEARCH_PATHS = (
					"$(inherited)",
					"@executable_path/Frameworks",
				);
				MARKETING_VERSION = 1.0;
				PRODUCT_BUNDLE_IDENTIFIER = com.maocf.FeaturedPosts;
				PRODUCT_NAME = "$(TARGET_NAME)";
				SWIFT_EMIT_LOC_STRINGS = YES;
				SWIFT_VERSION = 5.0;
				TARGETED_DEVICE_FAMILY = "1,2";
			};
			name = Release;
		};
		0C93DDFE2FEBBB9900B2FAF0 /* Debug */ = {
			isa = XCBuildConfiguration;
			buildSettings = {
				ALWAYS_SEARCH_USER_PATHS = NO;
				ASSETCATALOG_COMPILER_GENERATE_SWIFT_ASSET_SYMBOL_EXTENSIONS = YES;
				CLANG_ANALYZER_NONNULL = YES;
				CLANG_ANALYZER_NUMBER_OBJECT_CONVERSION = YES_AGGRESSIVE;
				CLANG_CXX_LANGUAGE_STANDARD = "gnu++20";
				CLANG_ENABLE_MODULES = YES;
				CLANG_ENABLE_OBJC_ARC = YES;
				CLANG_ENABLE_OBJC_WEAK = YES;
				CLANG_WARN_BLOCK_CAPTURE_AUTORELEASING = YES;
				CLANG_WARN_BOOL_CONVERSION = YES;
				CLANG_WARN_COMMA = YES;
				CLANG_WARN_CONSTANT_CONVERSION = YES;
				CLANG_WARN_DEPRECATED_OBJC_IMPLEMENTATIONS = YES;
				CLANG_WARN_DIRECT_OBJC_ISA_USAGE = YES_ERROR;
				CLANG_WARN_DOCUMENTATION_COMMENTS = YES;
				CLANG_WARN_EMPTY_BODY = YES;
				CLANG_WARN_ENUM_CONVERSION = YES;
				CLANG_WARN_INFINITE_RECURSION = YES;
				CLANG_WARN_INT_CONVERSION = YES;
				CLANG_WARN_NON_LITERAL_NULL_CONVERSION = YES;
				CLANG_WARN_OBJC_IMPLICIT_RETAIN_SELF = YES;
				CLANG_WARN_OBJC_LITERAL_CONVERSION = YES;
				CLANG_WARN_OBJC_ROOT_CLASS = YES_ERROR;
				CLANG_WARN_QUOTED_INCLUDE_IN_FRAMEWORK_HEADER = YES;
				CLANG_WARN_RANGE_LOOP_ANALYSIS = YES;
				CLANG_WARN_STRICT_PROTOTYPES = YES;
				CLANG_WARN_SUSPICIOUS_MOVE = YES;
				CLANG_WARN_UNGUARDED_AVAILABILITY = YES_AGGRESSIVE;
				CLANG_WARN_UNREACHABLE_CODE = YES;
				CLANG_WARN__DUPLICATE_METHOD_MATCH = YES;
				COPY_PHASE_STRIP = NO;
				DEBUG_INFORMATION_FORMAT = dwarf;
				ENABLE_STRICT_OBJC_MSGSEND = YES;
				ENABLE_TESTABILITY = YES;
				ENABLE_USER_SCRIPT_SANDBOXING = YES;
				GCC_C_LANGUAGE_STANDARD = gnu17;
				GCC_DYNAMIC_NO_PIC = NO;
				GCC_NO_COMMON_BLOCKS = YES;
				GCC_OPTIMIZATION_LEVEL = 0;
				GCC_PREPROCESSOR_DEFINITIONS = (
					"DEBUG=1",
					"$(inherited)",
				);
				GCC_WARN_64_TO_32_BIT_CONVERSION = YES;
				GCC_WARN_ABOUT_RETURN_TYPE = YES_ERROR;
				GCC_WARN_UNDECLARED_SELECTOR = YES;
				GCC_WARN_UNINITIALIZED_AUTOS = YES_AGGRESSIVE;
				GCC_WARN_UNUSED_FUNCTION = YES;
				GCC_WARN_UNUSED_VARIABLE = YES;
				IPHONEOS_DEPLOYMENT_TARGET = 18.2;
				LOCALIZATION_PREFERS_STRING_CATALOGS = YES;
				MTL_ENABLE_DEBUG_INFO = INCLUDE_SOURCE;
				MTL_FAST_MATH = YES;
				ONLY_ACTIVE_ARCH = YES;
				SDKROOT = iphoneos;
				SWIFT_ACTIVE_COMPILATION_CONDITIONS = "DEBUG $(inherited)";
				SWIFT_OPTIMIZATION_LEVEL = "-Onone";
			};
			name = Debug;
		};
		0C93DDFF2FEBBB9900B2FAF0 /* Release */ = {
			isa = XCBuildConfiguration;
			buildSettings = {
				ALWAYS_SEARCH_USER_PATHS = NO;
				ASSETCATALOG_COMPILER_GENERATE_SWIFT_ASSET_SYMBOL_EXTENSIONS = YES;
				CLANG_ANALYZER_NONNULL = YES;
				CLANG_ANALYZER_NUMBER_OBJECT_CONVERSION = YES_AGGRESSIVE;
				CLANG_CXX_LANGUAGE_STANDARD = "gnu++20";
				CLANG_ENABLE_MODULES = YES;
				CLANG_ENABLE_OBJC_ARC = YES;
				CLANG_ENABLE_OBJC_WEAK = YES;
				CLANG_WARN_BLOCK_CAPTURE_AUTORELEASING = YES;
				CLANG_WARN_BOOL_CONVERSION = YES;
				CLANG_WARN_COMMA = YES;
				CLANG_WARN_CONSTANT_CONVERSION = YES;
				CLANG_WARN_DEPRECATED_OBJC_IMPLEMENTATIONS = YES;
				CLANG_WARN_DIRECT_OBJC_ISA_USAGE = YES_ERROR;
				CLANG_WARN_DOCUMENTATION_COMMENTS = YES;
				CLANG_WARN_EMPTY_BODY = YES;
				CLANG_WARN_ENUM_CONVERSION = YES;
				CLANG_WARN_INFINITE_RECURSION = YES;
				CLANG_WARN_INT_CONVERSION = YES;
				CLANG_WARN_NON_LITERAL_NULL_CONVERSION = YES;
				CLANG_WARN_OBJC_IMPLICIT_RETAIN_SELF = YES;
				CLANG_WARN_OBJC_LITERAL_CONVERSION = YES;
				CLANG_WARN_OBJC_ROOT_CLASS = YES_ERROR;
				CLANG_WARN_QUOTED_INCLUDE_IN_FRAMEWORK_HEADER = YES;
				CLANG_WARN_RANGE_LOOP_ANALYSIS = YES;
				CLANG_WARN_STRICT_PROTOTYPES = YES;
				CLANG_WARN_SUSPICIOUS_MOVE = YES;
				CLANG_WARN_UNGUARDED_AVAILABILITY = YES_AGGRESSIVE;
				CLANG_WARN_UNREACHABLE_CODE = YES;
				CLANG_WARN__DUPLICATE_METHOD_MATCH = YES;
				COPY_PHASE_STRIP = NO;
				DEBUG_INFORMATION_FORMAT = "dwarf-with-dsym";
				ENABLE_NS_ASSERTIONS = NO;
				ENABLE_STRICT_OBJC_MSGSEND = YES;
				ENABLE_USER_SCRIPT_SANDBOXING = YES;
				GCC_C_LANGUAGE_STANDARD = gnu17;
				GCC_NO_COMMON_BLOCKS = YES;
				GCC_WARN_64_TO_32_BIT_CONVERSION = YES;
				GCC_WARN_ABOUT_RETURN_TYPE = YES_ERROR;
				GCC_WARN_UNDECLARED_SELECTOR = YES;
				GCC_WARN_UNINITIALIZED_AUTOS = YES_AGGRESSIVE;
				GCC_WARN_UNUSED_FUNCTION = YES;
				GCC_WARN_UNUSED_VARIABLE = YES;
				IPHONEOS_DEPLOYMENT_TARGET = 18.2;
				LOCALIZATION_PREFERS_STRING_CATALOGS = YES;
				MTL_ENABLE_DEBUG_INFO = NO;
				MTL_FAST_MATH = YES;
				SDKROOT = iphoneos;
				SWIFT_COMPILATION_MODE = wholemodule;
				VALIDATE_PRODUCT = YES;
			};
			name = Release;
		};
		0C93DE012FEBBB9900B2FAF0 /* Debug */ = {
			isa = XCBuildConfiguration;
			baseConfigurationReference = C0808F76A12449FF53FCC2F3 /* Pods-FeaturedPostsTests.debug.xcconfig */;
			buildSettings = {
				BUNDLE_LOADER = "$(TEST_HOST)";
				CODE_SIGN_STYLE = Automatic;
				CURRENT_PROJECT_VERSION = 1;
				GENERATE_INFOPLIST_FILE = YES;
				IPHONEOS_DEPLOYMENT_TARGET = 18.2;
				MARKETING_VERSION = 1.0;
				PRODUCT_BUNDLE_IDENTIFIER = com.maocf.FeaturedPostsTests;
				PRODUCT_NAME = "$(TARGET_NAME)";
				SWIFT_EMIT_LOC_STRINGS = NO;
				SWIFT_VERSION = 5.0;
				TARGETED_DEVICE_FAMILY = "1,2";
				TEST_HOST = "$(BUILT_PRODUCTS_DIR)/FeaturedPosts.app/$(BUNDLE_EXECUTABLE_FOLDER_PATH)/FeaturedPosts";
			};
			name = Debug;
		};
		0C93DE022FEBBB9900B2FAF0 /* Release */ = {
			isa = XCBuildConfiguration;
			baseConfigurationReference = D464DD3EF83096B4D5B8112E /* Pods-FeaturedPostsTests.release.xcconfig */;
			buildSettings = {
				BUNDLE_LOADER = "$(TEST_HOST)";
				CODE_SIGN_STYLE = Automatic;
				CURRENT_PROJECT_VERSION = 1;
				GENERATE_INFOPLIST_FILE = YES;
				IPHONEOS_DEPLOYMENT_TARGET = 18.2;
				MARKETING_VERSION = 1.0;
				PRODUCT_BUNDLE_IDENTIFIER = com.maocf.FeaturedPostsTests;
				PRODUCT_NAME = "$(TARGET_NAME)";
				SWIFT_EMIT_LOC_STRINGS = NO;
				SWIFT_VERSION = 5.0;
				TARGETED_DEVICE_FAMILY = "1,2";
				TEST_HOST = "$(BUILT_PRODUCTS_DIR)/FeaturedPosts.app/$(BUNDLE_EXECUTABLE_FOLDER_PATH)/FeaturedPosts";
			};
			name = Release;
		};
		0C93DE042FEBBB9900B2FAF0 /* Debug */ = {
			isa = XCBuildConfiguration;
			baseConfigurationReference = 504FCA393933AE1C69931534 /* Pods-FeaturedPosts-FeaturedPostsUITests.debug.xcconfig */;
			buildSettings = {
				CODE_SIGN_STYLE = Automatic;
				CURRENT_PROJECT_VERSION = 1;
				GENERATE_INFOPLIST_FILE = YES;
				MARKETING_VERSION = 1.0;
				PRODUCT_BUNDLE_IDENTIFIER = com.maocf.FeaturedPostsUITests;
				PRODUCT_NAME = "$(TARGET_NAME)";
				SWIFT_EMIT_LOC_STRINGS = NO;
				SWIFT_VERSION = 5.0;
				TARGETED_DEVICE_FAMILY = "1,2";
				TEST_TARGET_NAME = FeaturedPosts;
			};
			name = Debug;
		};
		0C93DE052FEBBB9900B2FAF0 /* Release */ = {
			isa = XCBuildConfiguration;
			baseConfigurationReference = 3B784E74E3A8F183FA684F1F /* Pods-FeaturedPosts-FeaturedPostsUITests.release.xcconfig */;
			buildSettings = {
				CODE_SIGN_STYLE = Automatic;
				CURRENT_PROJECT_VERSION = 1;
				GENERATE_INFOPLIST_FILE = YES;
				MARKETING_VERSION = 1.0;
				PRODUCT_BUNDLE_IDENTIFIER = com.maocf.FeaturedPostsUITests;
				PRODUCT_NAME = "$(TARGET_NAME)";
				SWIFT_EMIT_LOC_STRINGS = NO;
				SWIFT_VERSION = 5.0;
				TARGETED_DEVICE_FAMILY = "1,2";
				TEST_TARGET_NAME = FeaturedPosts;
			};
			name = Release;
		};
/* End XCBuildConfiguration section */

/* Begin XCConfigurationList section */
		0C93DDCD2FEBBB9500B2FAF0 /* Build configuration list for PBXProject "FeaturedPosts" */ = {
			isa = XCConfigurationList;
			buildConfigurations = (
				0C93DDFE2FEBBB9900B2FAF0 /* Debug */,
				0C93DDFF2FEBBB9900B2FAF0 /* Release */,
			);
			defaultConfigurationIsVisible = 0;
			defaultConfigurationName = Release;
		};
		0C93DDFB2FEBBB9900B2FAF0 /* Build configuration list for PBXNativeTarget "FeaturedPosts" */ = {
			isa = XCConfigurationList;
			buildConfigurations = (
				0C93DDFC2FEBBB9900B2FAF0 /* Debug */,
				0C93DDFD2FEBBB9900B2FAF0 /* Release */,
			);
			defaultConfigurationIsVisible = 0;
			defaultConfigurationName = Release;
		};
		0C93DE002FEBBB9900B2FAF0 /* Build configuration list for PBXNativeTarget "FeaturedPostsTests" */ = {
			isa = XCConfigurationList;
			buildConfigurations = (
				0C93DE012FEBBB9900B2FAF0 /* Debug */,
				0C93DE022FEBBB9900B2FAF0 /* Release */,
			);
			defaultConfigurationIsVisible = 0;
			defaultConfigurationName = Release;
		};
		0C93DE032FEBBB9900B2FAF0 /* Build configuration list for PBXNativeTarget "FeaturedPostsUITests" */ = {
			isa = XCConfigurationList;
			buildConfigurations = (
				0C93DE042FEBBB9900B2FAF0 /* Debug */,
				0C93DE052FEBBB9900B2FAF0 /* Release */,
			);
			defaultConfigurationIsVisible = 0;
			defaultConfigurationName = Release;
		};
/* End XCConfigurationList section */
	};
	rootObject = 0C93DDCA2FEBBB9500B2FAF0 /* Project object */;
}
